schema: '2.0'
stages:
  train:
    cmd: python src/train_baseline.py a
    deps:
    - path: data
      hash: md5
      md5: 9a89d952075278faac34cd87ebc7204f.dir
      size: 2201916
      nfiles: 9
    - path: src/train_baseline.py
      hash: md5
      md5: 40b5d0991ba59ab5f22b59750abea898
      size: 3318
    outs:
    - path: models/baseline_a
      hash: md5
      md5: 8caa0ea16e021ccc53be41f61a51dced.dir
      size: 460360
      nfiles: 2
  evaluate:
    cmd: python src/evaluate.py
    deps:
    - path: data
      hash: md5
      md5: 9a89d952075278faac34cd87ebc7204f.dir
      size: 2201916
      nfiles: 9
    - path: models/baseline_a
      hash: md5
      md5: 8caa0ea16e021ccc53be41f61a51dced.dir
      size: 460360
      nfiles: 2
    - path: models/baseline_b
      hash: md5
      md5: a7e466e5ea4dd095e06c83b31c5aaed3.dir
      size: 462564
      nfiles: 2
    - path: models/baseline_c
      hash: md5
      md5: 535e58516bb508215a795b8b9766cc7d.dir
      size: 622885
      nfiles: 2
    - path: models/bert_a
      hash: md5
      md5: 60b3742341b77d3e21a0565f3fbeb88c.dir
      size: 268545231
      nfiles: 4
    - path: models/bert_b
      hash: md5
      md5: 42b2a65f44e5a4eab271a2e9e6c3ffb1.dir
      size: 268545231
      nfiles: 4
    - path: models/bert_c
      hash: md5
      md5: 2fd155c9b7b64bb7656c005d5214f09f.dir
      size: 268548479
      nfiles: 4
    - path: models/lstm_a
      hash: md5
      md5: a93407ea7dc68a29dc66aab975dbd0d6.dir
      size: 12049622
      nfiles: 2
    - path: models/lstm_b
      hash: md5
      md5: df4fc9c3560ad6115bf3fde2cde7e4e2.dir
      size: 7559103
      nfiles: 2
    - path: models/lstm_c
      hash: md5
      md5: cbdd15d58e26942fb9f2deedfa2ee12b.dir
      size: 7307908
      nfiles: 2
    - path: src/dataset_lstm.py
      hash: md5
      md5: 045e5f8f8bc3ec15e0fcb31dc3d34f16
      size: 1979
    - path: src/evaluate.py
      hash: md5
      md5: 2db8f000c58769a479a31466ffb1ffbd
      size: 5814
    - path: src/model_lstm.py
      hash: md5
      md5: 1dd768049827204f34b444387148885b
      size: 1322
    - path: src/predict_bert.py
      hash: md5
      md5: 3040d0085a4566863d54215ac5427161
      size: 1596
    params:
      params.yaml:
        bert:
          model_name: distilbert-base-uncased
          max_len: 128
          batch_size: 32
          epochs: 1
          learning_rate: 2e-05
        lstm:
          vocab_size: 20000
          embedding_dim: 128
          hidden_dim: 128
          num_layers: 2
          dropout: 0.5
          max_len: 25
          batch_size: 64
          epochs: 12
          learning_rate: 0.0005
    outs:
    - path: reports/metrics.json
      hash: md5
      md5: d5e69fb7c40925e2aad7b1f2467bde0f
      size: 1162
  train_lstm:
    cmd: python src/train_lstm.py a
    deps:
    - path: data/olid-training-v1.0.tsv
      hash: md5
      md5: 426d641b4084d616781c4617455a1245
      size: 1975156
    - path: src/dataset_lstm.py
      hash: md5
      md5: 045e5f8f8bc3ec15e0fcb31dc3d34f16
      size: 1979
    - path: src/model_lstm.py
      hash: md5
      md5: 1dd768049827204f34b444387148885b
      size: 1322
    - path: src/train_lstm.py
      hash: md5
      md5: ee2fe0d3addd5d94872c8a0d9217069d
      size: 7447
    params:
      params.yaml:
        lstm:
          vocab_size: 20000
          embedding_dim: 128
          hidden_dim: 128
          num_layers: 2
          dropout: 0.5
          max_len: 25
          batch_size: 64
          epochs: 12
          learning_rate: 0.0005
    outs:
    - path: models/lstm_a
      hash: md5
      md5: a93407ea7dc68a29dc66aab975dbd0d6.dir
      size: 12049622
      nfiles: 2
  train_bert:
    cmd: python src/train_bert.py a
    deps:
    - path: data/olid-training-v1.0.tsv
      hash: md5
      md5: 426d641b4084d616781c4617455a1245
      size: 1975156
    - path: src/train_bert.py
      hash: md5
      md5: 8c83a56e745735eec00ba4cda3ee81f9
      size: 6330
    params:
      params.yaml:
        bert:
          model_name: distilbert-base-uncased
          max_len: 128
          batch_size: 32
          epochs: 1
          learning_rate: 2e-05
    outs:
    - path: models/bert_a
      hash: md5
      md5: 60b3742341b77d3e21a0565f3fbeb88c.dir
      size: 268545231
      nfiles: 4
  bias_analysis:
    cmd: python src/bias_analysis.py
    deps:
    - path: models/baseline_a
      hash: md5
      md5: 8caa0ea16e021ccc53be41f61a51dced.dir
      size: 460360
      nfiles: 2
    - path: models/bert_a
      hash: md5
      md5: 60b3742341b77d3e21a0565f3fbeb88c.dir
      size: 268545231
      nfiles: 4
    - path: models/lstm_a
      hash: md5
      md5: a93407ea7dc68a29dc66aab975dbd0d6.dir
      size: 12049622
      nfiles: 2
    - path: src/bias_analysis.py
      hash: md5
      md5: 27c6e3cd69b09c7d714c500acffbcc37
      size: 4951
    - path: src/dataset_lstm.py
      hash: md5
      md5: 045e5f8f8bc3ec15e0fcb31dc3d34f16
      size: 1979
    - path: src/model_lstm.py
      hash: md5
      md5: 1dd768049827204f34b444387148885b
      size: 1322
    - path: src/predict_bert.py
      hash: md5
      md5: 3040d0085a4566863d54215ac5427161
      size: 1596
    params:
      params.yaml:
        bert:
          model_name: distilbert-base-uncased
          max_len: 128
          batch_size: 32
          epochs: 1
          learning_rate: 2e-05
        lstm:
          vocab_size: 20000
          embedding_dim: 128
          hidden_dim: 128
          num_layers: 2
          dropout: 0.5
          max_len: 25
          batch_size: 64
          epochs: 12
          learning_rate: 0.0005
    outs:
    - path: reports/bias_report.json
      hash: md5
      md5: 451d3171c2b402faf8da1836d9bc86e5
      size: 11926
  train_b:
    cmd: python src/train_baseline.py b
    deps:
    - path: data
      hash: md5
      md5: 9a89d952075278faac34cd87ebc7204f.dir
      size: 2201916
      nfiles: 9
    - path: src/train_baseline.py
      hash: md5
      md5: 40b5d0991ba59ab5f22b59750abea898
      size: 3318
    outs:
    - path: models/baseline_b
      hash: md5
      md5: a7e466e5ea4dd095e06c83b31c5aaed3.dir
      size: 462564
      nfiles: 2
  train_c:
    cmd: python src/train_baseline.py c
    deps:
    - path: data
      hash: md5
      md5: 9a89d952075278faac34cd87ebc7204f.dir
      size: 2201916
      nfiles: 9
    - path: src/train_baseline.py
      hash: md5
      md5: 40b5d0991ba59ab5f22b59750abea898
      size: 3318
    outs:
    - path: models/baseline_c
      hash: md5
      md5: 535e58516bb508215a795b8b9766cc7d.dir
      size: 622885
      nfiles: 2
  train_lstm_b:
    cmd: python src/train_lstm.py b
    deps:
    - path: data/olid-training-v1.0.tsv
      hash: md5
      md5: 426d641b4084d616781c4617455a1245
      size: 1975156
    - path: src/dataset_lstm.py
      hash: md5
      md5: 045e5f8f8bc3ec15e0fcb31dc3d34f16
      size: 1979
    - path: src/model_lstm.py
      hash: md5
      md5: 1dd768049827204f34b444387148885b
      size: 1322
    - path: src/train_lstm.py
      hash: md5
      md5: ee2fe0d3addd5d94872c8a0d9217069d
      size: 7447
    params:
      params.yaml:
        lstm:
          vocab_size: 20000
          embedding_dim: 128
          hidden_dim: 128
          num_layers: 2
          dropout: 0.5
          max_len: 25
          batch_size: 64
          epochs: 12
          learning_rate: 0.0005
    outs:
    - path: models/lstm_b
      hash: md5
      md5: df4fc9c3560ad6115bf3fde2cde7e4e2.dir
      size: 7559103
      nfiles: 2
  train_lstm_c:
    cmd: python src/train_lstm.py c
    deps:
    - path: data/olid-training-v1.0.tsv
      hash: md5
      md5: 426d641b4084d616781c4617455a1245
      size: 1975156
    - path: src/dataset_lstm.py
      hash: md5
      md5: 045e5f8f8bc3ec15e0fcb31dc3d34f16
      size: 1979
    - path: src/model_lstm.py
      hash: md5
      md5: 1dd768049827204f34b444387148885b
      size: 1322
    - path: src/train_lstm.py
      hash: md5
      md5: ee2fe0d3addd5d94872c8a0d9217069d
      size: 7447
    params:
      params.yaml:
        lstm:
          vocab_size: 20000
          embedding_dim: 128
          hidden_dim: 128
          num_layers: 2
          dropout: 0.5
          max_len: 25
          batch_size: 64
          epochs: 12
          learning_rate: 0.0005
    outs:
    - path: models/lstm_c
      hash: md5
      md5: cbdd15d58e26942fb9f2deedfa2ee12b.dir
      size: 7307908
      nfiles: 2
  train_bert_b:
    cmd: python src/train_bert.py b
    deps:
    - path: data/olid-training-v1.0.tsv
      hash: md5
      md5: 426d641b4084d616781c4617455a1245
      size: 1975156
    - path: src/train_bert.py
      hash: md5
      md5: 8c83a56e745735eec00ba4cda3ee81f9
      size: 6330
    params:
      params.yaml:
        bert:
          model_name: distilbert-base-uncased
          max_len: 128
          batch_size: 32
          epochs: 1
          learning_rate: 2e-05
    outs:
    - path: models/bert_b
      hash: md5
      md5: 42b2a65f44e5a4eab271a2e9e6c3ffb1.dir
      size: 268545231
      nfiles: 4
  train_bert_c:
    cmd: python src/train_bert.py c
    deps:
    - path: data/olid-training-v1.0.tsv
      hash: md5
      md5: 426d641b4084d616781c4617455a1245
      size: 1975156
    - path: src/train_bert.py
      hash: md5
      md5: 8c83a56e745735eec00ba4cda3ee81f9
      size: 6330
    params:
      params.yaml:
        bert:
          model_name: distilbert-base-uncased
          max_len: 128
          batch_size: 32
          epochs: 1
          learning_rate: 2e-05
    outs:
    - path: models/bert_c
      hash: md5
      md5: 2fd155c9b7b64bb7656c005d5214f09f.dir
      size: 268548479
      nfiles: 4
