schema: '2.0'
stages:
  train:
    cmd: python src/train_baseline.py
    deps:
    - path: data
      hash: md5
      md5: 86c965c9b86245c187a21e93af83896c.dir
      size: 2192677
      nfiles: 7
    - path: src/train_baseline.py
      hash: md5
      md5: ee98f59f02370fc322ebd1e04b2b1a5d
      size: 2198
    outs:
    - path: models/baseline
      hash: md5
      md5: 7f9c2f267f74beb13719b06a16786ee1.dir
      size: 460396
      nfiles: 2
  evaluate:
    cmd: python src/evaluate.py
    deps:
    - path: data
      hash: md5
      md5: 86c965c9b86245c187a21e93af83896c.dir
      size: 2192677
      nfiles: 7
    - path: models/baseline
      hash: md5
      md5: 7f9c2f267f74beb13719b06a16786ee1.dir
      size: 460396
      nfiles: 2
    - path: models/lstm
      hash: md5
      md5: d4e7c9e9c8de33fb4e67c8c89b5ebd76.dir
      size: 13213521
      nfiles: 2
    - path: src/evaluate.py
      hash: md5
      md5: 11f961b415fd5577c22f4da20d0ef7c6
      size: 2999
    outs:
    - path: reports/metrics.json
      hash: md5
      md5: fca1c5dff0b94408bdc1a06c0e76a56f
      size: 220
  train_lstm:
    cmd: python src/train_lstm.py
    deps:
    - path: data/olid-training-v1.0.tsv
      hash: md5
      md5: 426d641b4084d616781c4617455a1245
      size: 1975156
    - path: src/dataset_lstm.py
      hash: md5
      md5: 561173dbb983f5015fbb41f34a3cbf1e
      size: 1869
    - path: src/model_lstm.py
      hash: md5
      md5: cb63b0c1c6c773686aa5f9727168e7ab
      size: 1434
    - path: src/train_lstm.py
      hash: md5
      md5: 9e7dc5d6c6251cba4254f7cc895404c4
      size: 2542
    params:
      params.yaml:
        lstm:
          vocab_size: 20000
          embedding_dim: 128
          hidden_dim: 128
          max_len: 25
          batch_size: 64
          epochs: 12
          learning_rate: 0.0005
    outs:
    - path: models/lstm
      hash: md5
      md5: d4e7c9e9c8de33fb4e67c8c89b5ebd76.dir
      size: 13213521
      nfiles: 2
